lockfileVersion: '9.0'

settings:
  autoInstallPeers: true
  excludeLinksFromLockfile: false

importers:

  .:
    dependencies:
      '@radix-ui/react-portal':
        specifier: ^1.1.4
        version: 1.1.4(react-dom@18.3.1(react@19.0.0))(react@19.0.0)
      '@radix-ui/react-tooltip':
        specifier: ^1.1.8
        version: 1.1.8(react-dom@18.3.1(react@19.0.0))(react@19.0.0)
      '@stitches/react':
        specifier: ^1.2.8
        version: 1.2.8(react@19.0.0)
      '@use-gesture/react':
        specifier: ^10.2.5
        version: 10.3.1(react@19.0.0)
      colord:
        specifier: ^2.9.2
        version: 2.9.3
      dequal:
        specifier: ^2.0.2
        version: 2.0.3
      merge-value:
        specifier: ^1.0.0
        version: 1.0.0
      react:
        specifier: ^18.0.0 || ^19.0.0
        version: 19.0.0
      react-colorful:
        specifier: ^5.5.1
        version: 5.6.1(react-dom@18.3.1(react@19.0.0))(react@19.0.0)
      react-dom:
        specifier: ^18.0.0 || ^19.0.0
        version: 18.3.1(react@19.0.0)
      react-dropzone:
        specifier: ^12.0.0
        version: 12.1.0(react@19.0.0)
      v8n:
        specifier: ^1.3.3
        version: 1.5.1
      zustand:
        specifier: ^3.6.9
        version: 3.7.2(react@19.0.0)
    devDependencies:
      '@welldone-software/why-did-you-render':
        specifier: ^6.2.3
        version: 6.2.3(react@19.0.0)

packages:

  '@floating-ui/core@1.6.9':
    resolution: {integrity: sha512-uMXCuQ3BItDUbAMhIXw7UPXRfAlOAvZzdK9BWpE60MCn+Svt3aLn9jsPTi/WNGlRUu2uI0v5S7JiIUsbsvh3fw==}

  '@floating-ui/dom@1.6.13':
    resolution: {integrity: sha512-umqzocjDgNRGTuO7Q8CU32dkHkECqI8ZdMZ5Swb6QAM0t5rnlrN3lGo1hdpscRd3WS8T6DKYK4ephgIH9iRh3w==}

  '@floating-ui/react-dom@2.1.2':
    resolution: {integrity: sha512-06okr5cgPzMNBy+Ycse2A6udMi4bqwW/zgBF/rwjcNqWkyr82Mcg8b0vjX8OJpZFy/FKjJmw6wV7t44kK6kW7A==}
    peerDependencies:
      react: '>=16.8.0'
      react-dom: '>=16.8.0'

  '@floating-ui/utils@0.2.9':
    resolution: {integrity: sha512-MDWhGtE+eHw5JW7lq4qhc5yRLS11ERl1c7Z6Xd0a58DozHES6EnNNwUWbMiG4J9Cgj053Bhk8zvlhFYKVhULwg==}

  '@radix-ui/primitive@1.1.1':
    resolution: {integrity: sha512-SJ31y+Q/zAyShtXJc8x83i9TYdbAfHZ++tUZnvjJJqFjzsdUnKsxPL6IEtBlxKkU7yzer//GQtZSV4GbldL3YA==}

  '@radix-ui/react-arrow@1.1.2':
    resolution: {integrity: sha512-G+KcpzXHq24iH0uGG/pF8LyzpFJYGD4RfLjCIBfGdSLXvjLHST31RUiRVrupIBMvIppMgSzQ6l66iAxl03tdlg==}
    peerDependencies:
      '@types/react': '*'
      '@types/react-dom': '*'
      react: ^16.8 || ^17.0 || ^18.0 || ^19.0 || ^19.0.0-rc
      react-dom: ^16.8 || ^17.0 || ^18.0 || ^19.0 || ^19.0.0-rc
    peerDependenciesMeta:
      '@types/react':
        optional: true
      '@types/react-dom':
        optional: true

  '@radix-ui/react-compose-refs@1.1.1':
    resolution: {integrity: sha512-Y9VzoRDSJtgFMUCoiZBDVo084VQ5hfpXxVE+NgkdNsjiDBByiImMZKKhxMwCbdHvhlENG6a833CbFkOQvTricw==}
    peerDependencies:
      '@types/react': '*'
      react: ^16.8 || ^17.0 || ^18.0 || ^19.0 || ^19.0.0-rc
    peerDependenciesMeta:
      '@types/react':
        optional: true

  '@radix-ui/react-context@1.1.1':
    resolution: {integrity: sha512-UASk9zi+crv9WteK/NU4PLvOoL3OuE6BWVKNF6hPRBtYBDXQ2u5iu3O59zUlJiTVvkyuycnqrztsHVJwcK9K+Q==}
    peerDependencies:
      '@types/react': '*'
      react: ^16.8 || ^17.0 || ^18.0 || ^19.0 || ^19.0.0-rc
    peerDependenciesMeta:
      '@types/react':
        optional: true

  '@radix-ui/react-dismissable-layer@1.1.5':
    resolution: {integrity: sha512-E4TywXY6UsXNRhFrECa5HAvE5/4BFcGyfTyK36gP+pAW1ed7UTK4vKwdr53gAJYwqbfCWC6ATvJa3J3R/9+Qrg==}
    peerDependencies:
      '@types/react': '*'
      '@types/react-dom': '*'
      react: ^16.8 || ^17.0 || ^18.0 || ^19.0 || ^19.0.0-rc
      react-dom: ^16.8 || ^17.0 || ^18.0 || ^19.0 || ^19.0.0-rc
    peerDependenciesMeta:
      '@types/react':
        optional: true
      '@types/react-dom':
        optional: true

  '@radix-ui/react-id@1.1.0':
    resolution: {integrity: sha512-EJUrI8yYh7WOjNOqpoJaf1jlFIH2LvtgAl+YcFqNCa+4hj64ZXmPkAKOFs/ukjz3byN6bdb/AVUqHkI8/uWWMA==}
    peerDependencies:
      '@types/react': '*'
      react: ^16.8 || ^17.0 || ^18.0 || ^19.0 || ^19.0.0-rc
    peerDependenciesMeta:
      '@types/react':
        optional: true

  '@radix-ui/react-popper@1.2.2':
    resolution: {integrity: sha512-Rvqc3nOpwseCyj/rgjlJDYAgyfw7OC1tTkKn2ivhaMGcYt8FSBlahHOZak2i3QwkRXUXgGgzeEe2RuqeEHuHgA==}
    peerDependencies:
      '@types/react': '*'
      '@types/react-dom': '*'
      react: ^16.8 || ^17.0 || ^18.0 || ^19.0 || ^19.0.0-rc
      react-dom: ^16.8 || ^17.0 || ^18.0 || ^19.0 || ^19.0.0-rc
    peerDependenciesMeta:
      '@types/react':
        optional: true
      '@types/react-dom':
        optional: true

  '@radix-ui/react-portal@1.1.4':
    resolution: {integrity: sha512-sn2O9k1rPFYVyKd5LAJfo96JlSGVFpa1fS6UuBJfrZadudiw5tAmru+n1x7aMRQ84qDM71Zh1+SzK5QwU0tJfA==}
    peerDependencies:
      '@types/react': '*'
      '@types/react-dom': '*'
      react: ^16.8 || ^17.0 || ^18.0 || ^19.0 || ^19.0.0-rc
      react-dom: ^16.8 || ^17.0 || ^18.0 || ^19.0 || ^19.0.0-rc
    peerDependenciesMeta:
      '@types/react':
        optional: true
      '@types/react-dom':
        optional: true

  '@radix-ui/react-presence@1.1.2':
    resolution: {integrity: sha512-18TFr80t5EVgL9x1SwF/YGtfG+l0BS0PRAlCWBDoBEiDQjeKgnNZRVJp/oVBl24sr3Gbfwc/Qpj4OcWTQMsAEg==}
    peerDependencies:
      '@types/react': '*'
      '@types/react-dom': '*'
      react: ^16.8 || ^17.0 || ^18.0 || ^19.0 || ^19.0.0-rc
      react-dom: ^16.8 || ^17.0 || ^18.0 || ^19.0 || ^19.0.0-rc
    peerDependenciesMeta:
      '@types/react':
        optional: true
      '@types/react-dom':
        optional: true

  '@radix-ui/react-primitive@2.0.2':
    resolution: {integrity: sha512-Ec/0d38EIuvDF+GZjcMU/Ze6MxntVJYO/fRlCPhCaVUyPY9WTalHJw54tp9sXeJo3tlShWpy41vQRgLRGOuz+w==}
    peerDependencies:
      '@types/react': '*'
      '@types/react-dom': '*'
      react: ^16.8 || ^17.0 || ^18.0 || ^19.0 || ^19.0.0-rc
      react-dom: ^16.8 || ^17.0 || ^18.0 || ^19.0 || ^19.0.0-rc
    peerDependenciesMeta:
      '@types/react':
        optional: true
      '@types/react-dom':
        optional: true

  '@radix-ui/react-slot@1.1.2':
    resolution: {integrity: sha512-YAKxaiGsSQJ38VzKH86/BPRC4rh+b1Jpa+JneA5LRE7skmLPNAyeG8kPJj/oo4STLvlrs8vkf/iYyc3A5stYCQ==}
    peerDependencies:
      '@types/react': '*'
      react: ^16.8 || ^17.0 || ^18.0 || ^19.0 || ^19.0.0-rc
    peerDependenciesMeta:
      '@types/react':
        optional: true

  '@radix-ui/react-tooltip@1.1.8':
    resolution: {integrity: sha512-YAA2cu48EkJZdAMHC0dqo9kialOcRStbtiY4nJPaht7Ptrhcvpo+eDChaM6BIs8kL6a8Z5l5poiqLnXcNduOkA==}
    peerDependencies:
      '@types/react': '*'
      '@types/react-dom': '*'
      react: ^16.8 || ^17.0 || ^18.0 || ^19.0 || ^19.0.0-rc
      react-dom: ^16.8 || ^17.0 || ^18.0 || ^19.0 || ^19.0.0-rc
    peerDependenciesMeta:
      '@types/react':
        optional: true
      '@types/react-dom':
        optional: true

  '@radix-ui/react-use-callback-ref@1.1.0':
    resolution: {integrity: sha512-CasTfvsy+frcFkbXtSJ2Zu9JHpN8TYKxkgJGWbjiZhFivxaeW7rMeZt7QELGVLaYVfFMsKHjb7Ak0nMEe+2Vfw==}
    peerDependencies:
      '@types/react': '*'
      react: ^16.8 || ^17.0 || ^18.0 || ^19.0 || ^19.0.0-rc
    peerDependenciesMeta:
      '@types/react':
        optional: true

  '@radix-ui/react-use-controllable-state@1.1.0':
    resolution: {integrity: sha512-MtfMVJiSr2NjzS0Aa90NPTnvTSg6C/JLCV7ma0W6+OMV78vd8OyRpID+Ng9LxzsPbLeuBnWBA1Nq30AtBIDChw==}
    peerDependencies:
      '@types/react': '*'
      react: ^16.8 || ^17.0 || ^18.0 || ^19.0 || ^19.0.0-rc
    peerDependenciesMeta:
      '@types/react':
        optional: true

  '@radix-ui/react-use-escape-keydown@1.1.0':
    resolution: {integrity: sha512-L7vwWlR1kTTQ3oh7g1O0CBF3YCyyTj8NmhLR+phShpyA50HCfBFKVJTpshm9PzLiKmehsrQzTYTpX9HvmC9rhw==}
    peerDependencies:
      '@types/react': '*'
      react: ^16.8 || ^17.0 || ^18.0 || ^19.0 || ^19.0.0-rc
    peerDependenciesMeta:
      '@types/react':
        optional: true

  '@radix-ui/react-use-layout-effect@1.1.0':
    resolution: {integrity: sha512-+FPE0rOdziWSrH9athwI1R0HDVbWlEhd+FR+aSDk4uWGmSJ9Z54sdZVDQPZAinJhJXwfT+qnj969mCsT2gfm5w==}
    peerDependencies:
      '@types/react': '*'
      react: ^16.8 || ^17.0 || ^18.0 || ^19.0 || ^19.0.0-rc
    peerDependenciesMeta:
      '@types/react':
        optional: true

  '@radix-ui/react-use-rect@1.1.0':
    resolution: {integrity: sha512-0Fmkebhr6PiseyZlYAOtLS+nb7jLmpqTrJyv61Pe68MKYW6OWdRE2kI70TaYY27u7H0lajqM3hSMMLFq18Z7nQ==}
    peerDependencies:
      '@types/react': '*'
      react: ^16.8 || ^17.0 || ^18.0 || ^19.0 || ^19.0.0-rc
    peerDependenciesMeta:
      '@types/react':
        optional: true

  '@radix-ui/react-use-size@1.1.0':
    resolution: {integrity: sha512-XW3/vWuIXHa+2Uwcc2ABSfcCledmXhhQPlGbfcRXbiUQI5Icjcg19BGCZVKKInYbvUCut/ufbbLLPFC5cbb1hw==}
    peerDependencies:
      '@types/react': '*'
      react: ^16.8 || ^17.0 || ^18.0 || ^19.0 || ^19.0.0-rc
    peerDependenciesMeta:
      '@types/react':
        optional: true

  '@radix-ui/react-visually-hidden@1.1.2':
    resolution: {integrity: sha512-1SzA4ns2M1aRlvxErqhLHsBHoS5eI5UUcI2awAMgGUp4LoaoWOKYmvqDY2s/tltuPkh3Yk77YF/r3IRj+Amx4Q==}
    peerDependencies:
      '@types/react': '*'
      '@types/react-dom': '*'
      react: ^16.8 || ^17.0 || ^18.0 || ^19.0 || ^19.0.0-rc
      react-dom: ^16.8 || ^17.0 || ^18.0 || ^19.0 || ^19.0.0-rc
    peerDependenciesMeta:
      '@types/react':
        optional: true
      '@types/react-dom':
        optional: true

  '@radix-ui/rect@1.1.0':
    resolution: {integrity: sha512-A9+lCBZoaMJlVKcRBz2YByCG+Cp2t6nAnMnNba+XiWxnj6r4JUFqfsgwocMBZU9LPtdxC6wB56ySYpc7LQIoJg==}

  '@stitches/react@1.2.8':
    resolution: {integrity: sha512-9g9dWI4gsSVe8bNLlb+lMkBYsnIKCZTmvqvDG+Avnn69XfmHZKiaMrx7cgTaddq7aTPPmXiTsbFcUy0xgI4+wA==}
    peerDependencies:
      react: '>= 16.3.0'

  '@use-gesture/core@10.3.1':
    resolution: {integrity: sha512-WcINiDt8WjqBdUXye25anHiNxPc0VOrlT8F6LLkU6cycrOGUDyY/yyFmsg3k8i5OLvv25llc0QC45GhR/C8llw==}

  '@use-gesture/react@10.3.1':
    resolution: {integrity: sha512-Yy19y6O2GJq8f7CHf7L0nxL8bf4PZCPaVOCgJrusOeFHY1LvHgYXnmnXg6N5iwAnbgbZCDjo60SiM6IPJi9C5g==}
    peerDependencies:
      react: '>= 16.8.0'

  '@welldone-software/why-did-you-render@6.2.3':
    resolution: {integrity: sha512-FQgi90jvC9uw2aALlonJfqaWOvU5UUBBVvdAnS2iryXwCc4YJkKsPJY5Y/LzaND3OIyk8XGUn1vTRn6hcem28Q==}
    peerDependencies:
      react: ^16 || ^17

  assign-symbols@1.0.0:
    resolution: {integrity: sha512-Q+JC7Whu8HhmTdBph/Tq59IoRtoy6KAm5zzPv00WdujX82lbAL8K7WVjne7vdCsAmbF4AYaDOPyO3k0kl8qIrw==}
    engines: {node: '>=0.10.0'}

  attr-accept@2.2.5:
    resolution: {integrity: sha512-0bDNnY/u6pPwHDMoF0FieU354oBi0a8rD9FcsLwzcGWbc8KS8KPIi7y+s13OlVY+gMWc/9xEMUgNE6Qm8ZllYQ==}
    engines: {node: '>=4'}

  colord@2.9.3:
    resolution: {integrity: sha512-jeC1axXpnb0/2nn/Y1LPuLdgXBLH7aDcHu4KEKfqw3CUhX7ZpfBSlPKyqXE6btIgEzfWtrX3/tyBCaCvXvMkOw==}

  dequal@2.0.3:
    resolution: {integrity: sha512-0je+qPKHEMohvfRTCEo3CrPG6cAzAYgmzKyxRiYSSDkS6eGJdyVJm7WaYA5ECaAD9wLB2T4EEeymA5aFVcYXCA==}
    engines: {node: '>=6'}

  extend-shallow@2.0.1:
    resolution: {integrity: sha512-zCnTtlxNoAiDc3gqY2aYAWFx7XWWiasuF2K8Me5WbN8otHKTUKBwjPtNpRs/rbUZm7KxWAaNj7P1a/p52GbVug==}
    engines: {node: '>=0.10.0'}

  extend-shallow@3.0.2:
    resolution: {integrity: sha512-BwY5b5Ql4+qZoefgMj2NUmx+tehVTH/Kf4k1ZEtOHNFcm2wSxMRo992l6X3TIgni2eZVTZ85xMOjF31fwZAj6Q==}
    engines: {node: '>=0.10.0'}

  file-selector@0.5.0:
    resolution: {integrity: sha512-s8KNnmIDTBoD0p9uJ9uD0XY38SCeBOtj0UMXyQSLg1Ypfrfj8+dAvwsLjYQkQ2GjhVtp2HrnF5cJzMhBjfD8HA==}
    engines: {node: '>= 10'}

  for-in@1.0.2:
    resolution: {integrity: sha512-7EwmXrOjyL+ChxMhmG5lnW9MPt1aIeZEwKhQzoBUdTV0N3zuwWDZYVJatDvZ2OyzPUvdIAZDsCetk3coyMfcnQ==}
    engines: {node: '>=0.10.0'}

  get-value@2.0.6:
    resolution: {integrity: sha512-Ln0UQDlxH1BapMu3GPtf7CuYNwRZf2gwCuPqbyG6pB8WfmFpzqcy4xtAaAMUhnNqjMKTiCPZG2oMT3YSx8U2NA==}
    engines: {node: '>=0.10.0'}

  is-extendable@0.1.1:
    resolution: {integrity: sha512-5BMULNob1vgFX6EjQw5izWDxrecWK9AM72rugNr0TFldMOi0fj6Jk+zeKIt0xGj4cEfQIJth4w3OKWOJ4f+AFw==}
    engines: {node: '>=0.10.0'}

  is-extendable@1.0.1:
    resolution: {integrity: sha512-arnXMxT1hhoKo9k1LZdmlNyJdDDfy2v0fXjFlmok4+i8ul/6WlbVge9bhM74OpNPQPMGUToDtz+KXa1PneJxOA==}
    engines: {node: '>=0.10.0'}

  is-plain-object@2.0.4:
    resolution: {integrity: sha512-h5PpgXkWitc38BBMYawTYMWJHFZJVnBquFE57xFpjB8pJFiF6gZ+bU+WyI/yqXiFR5mdLsgYNaPe8uao6Uv9Og==}
    engines: {node: '>=0.10.0'}

  isobject@3.0.1:
    resolution: {integrity: sha512-WhB9zCku7EGTj/HQQRz5aUQEUeoQZH2bWcltRErOpymJ4boYE6wL9Tbr23krRPSZ+C5zqNSrSw+Cc7sZZ4b7vg==}
    engines: {node: '>=0.10.0'}

  js-tokens@4.0.0:
    resolution: {integrity: sha512-RdJUflcE3cUzKiMqQgsCu06FPu9UdIJO0beYbPhHN4k6apgJtifcoCtT9bcxOpYBtpD2kCM6Sbzg4CausW/PKQ==}

  lodash@4.17.21:
    resolution: {integrity: sha512-v2kDEe57lecTulaDIuNTPy3Ry4gLGJ6Z1O3vE1krgXZNrsQ+LFTGHVxVjcXPs17LhbZVGedAJv8XZ1tvj5FvSg==}

  loose-envify@1.4.0:
    resolution: {integrity: sha512-lyuxPGr/Wfhrlem2CL/UcnUc1zcqKAImBDzukY7Y5F/yQiNdko6+fRLevlw1HgMySw7f611UIY408EtxRSoK3Q==}
    hasBin: true

  merge-value@1.0.0:
    resolution: {integrity: sha512-fJMmvat4NeKz63Uv9iHWcPDjCWcCkoiRoajRTEO8hlhUC6rwaHg0QCF9hBOTjZmm4JuglPckPSTtcuJL5kp0TQ==}
    engines: {node: '>=0.10.0'}

  mixin-deep@1.3.2:
    resolution: {integrity: sha512-WRoDn//mXBiJ1H40rqa3vH0toePwSsGb45iInWlTySa+Uu4k3tYUSxa2v1KqAiLtvlrSzaExqS1gtk96A9zvEA==}
    engines: {node: '>=0.10.0'}

  object-assign@4.1.1:
    resolution: {integrity: sha512-rJgTQnkUnH1sFw8yT6VSU3zD3sWmu6sZhIseY8VX+GRu3P6F7Fu+JNDoXfklElbLJSnc3FUQHVe4cU5hj+BcUg==}
    engines: {node: '>=0.10.0'}

  prop-types@15.8.1:
    resolution: {integrity: sha512-oj87CgZICdulUohogVAR7AjlC0327U4el4L6eAvOqCeudMDVU0NThNaV+b9Df4dXgSP1gXMTnPdhfe/2qDH5cg==}

  react-colorful@5.6.1:
    resolution: {integrity: sha512-1exovf0uGTGyq5mXQT0zgQ80uvj2PCwvF8zY1RN9/vbJVSjSo3fsB/4L3ObbF7u70NduSiK4xu4Y6q1MHoUGEw==}
    peerDependencies:
      react: '>=16.8.0'
      react-dom: '>=16.8.0'

  react-dom@18.3.1:
    resolution: {integrity: sha512-5m4nQKp+rZRb09LNH59GM4BxTh9251/ylbKIbpe7TpGxfJ+9kv6BLkLBXIjjspbgbnIBNqlI23tRnTWT0snUIw==}
    peerDependencies:
      react: ^18.3.1

  react-dropzone@12.1.0:
    resolution: {integrity: sha512-iBYHA1rbopIvtzokEX4QubO6qk5IF/x3BtKGu74rF2JkQDXnwC4uO/lHKpaw4PJIV6iIAYOlwLv2FpiGyqHNog==}
    engines: {node: '>= 10.13'}
    peerDependencies:
      react: '>= 16.8'

  react-is@16.13.1:
    resolution: {integrity: sha512-24e6ynE2H+OKt4kqsOvNd8kBpV65zoxbA4BVsEOB3ARVWQki/DHzaUoC5KuON/BiccDaCCTZBuOcfZs70kR8bQ==}

  react@19.0.0:
    resolution: {integrity: sha512-V8AVnmPIICiWpGfm6GLzCR/W5FXLchHop40W4nXBmdlEceh16rCN8O8LNWm5bh5XUX91fh7KpA+W0TgMKmgTpQ==}
    engines: {node: '>=0.10.0'}

  scheduler@0.23.2:
    resolution: {integrity: sha512-UOShsPwz7NrMUqhR6t0hWjFduvOzbtv7toDH1/hIrfRNIDBnnBWd0CwJTGvTpngVlmwGCdP9/Zl/tVrDqcuYzQ==}

  set-value@2.0.1:
    resolution: {integrity: sha512-JxHc1weCN68wRY0fhCoXpyK55m/XPHafOmK4UWD7m2CI14GMcFypt4w/0+NV5f/ZMby2F6S2wwA7fgynh9gWSw==}
    engines: {node: '>=0.10.0'}

  split-string@3.1.0:
    resolution: {integrity: sha512-NzNVhJDYpwceVVii8/Hu6DKfD2G+NrQHlS/V/qgv763EYudVwEcMQNxd2lh+0VrUByXN/oJkl5grOhYWvQUYiw==}
    engines: {node: '>=0.10.0'}

  tslib@2.8.1:
    resolution: {integrity: sha512-oJFu94HQb+KVduSUQL7wnpmqnfmLsOA/nAh6b6EH0wCEoK0/mPeXU6c3wKDV83MkOuHPRHtSXKKU99IBazS/2w==}

  v8n@1.5.1:
    resolution: {integrity: sha512-LdabyT4OffkyXFCe9UT+uMkxNBs5rcTVuZClvxQr08D5TUgo1OFKkoT65qYRCsiKBl/usHjpXvP4hHMzzDRj3A==}

  zustand@3.7.2:
    resolution: {integrity: sha512-PIJDIZKtokhof+9+60cpockVOq05sJzHCriyvaLBmEJixseQ1a5Kdov6fWZfWOu5SK9c+FhH1jU0tntLxRJYMA==}
    engines: {node: '>=12.7.0'}
    peerDependencies:
      react: '>=16.8'
    peerDependenciesMeta:
      react:
        optional: true

snapshots:

  '@floating-ui/core@1.6.9':
    dependencies:
      '@floating-ui/utils': 0.2.9

  '@floating-ui/dom@1.6.13':
    dependencies:
      '@floating-ui/core': 1.6.9
      '@floating-ui/utils': 0.2.9

  '@floating-ui/react-dom@2.1.2(react-dom@18.3.1(react@19.0.0))(react@19.0.0)':
    dependencies:
      '@floating-ui/dom': 1.6.13
      react: 19.0.0
      react-dom: 18.3.1(react@19.0.0)

  '@floating-ui/utils@0.2.9': {}

  '@radix-ui/primitive@1.1.1': {}

  '@radix-ui/react-arrow@1.1.2(react-dom@18.3.1(react@19.0.0))(react@19.0.0)':
    dependencies:
      '@radix-ui/react-primitive': 2.0.2(react-dom@18.3.1(react@19.0.0))(react@19.0.0)
      react: 19.0.0
      react-dom: 18.3.1(react@19.0.0)

  '@radix-ui/react-compose-refs@1.1.1(react@19.0.0)':
    dependencies:
      react: 19.0.0

  '@radix-ui/react-context@1.1.1(react@19.0.0)':
    dependencies:
      react: 19.0.0

  '@radix-ui/react-dismissable-layer@1.1.5(react-dom@18.3.1(react@19.0.0))(react@19.0.0)':
    dependencies:
      '@radix-ui/primitive': 1.1.1
      '@radix-ui/react-compose-refs': 1.1.1(react@19.0.0)
      '@radix-ui/react-primitive': 2.0.2(react-dom@18.3.1(react@19.0.0))(react@19.0.0)
      '@radix-ui/react-use-callback-ref': 1.1.0(react@19.0.0)
      '@radix-ui/react-use-escape-keydown': 1.1.0(react@19.0.0)
      react: 19.0.0
      react-dom: 18.3.1(react@19.0.0)

  '@radix-ui/react-id@1.1.0(react@19.0.0)':
    dependencies:
      '@radix-ui/react-use-layout-effect': 1.1.0(react@19.0.0)
      react: 19.0.0

  '@radix-ui/react-popper@1.2.2(react-dom@18.3.1(react@19.0.0))(react@19.0.0)':
    dependencies:
      '@floating-ui/react-dom': 2.1.2(react-dom@18.3.1(react@19.0.0))(react@19.0.0)
      '@radix-ui/react-arrow': 1.1.2(react-dom@18.3.1(react@19.0.0))(react@19.0.0)
      '@radix-ui/react-compose-refs': 1.1.1(react@19.0.0)
      '@radix-ui/react-context': 1.1.1(react@19.0.0)
      '@radix-ui/react-primitive': 2.0.2(react-dom@18.3.1(react@19.0.0))(react@19.0.0)
      '@radix-ui/react-use-callback-ref': 1.1.0(react@19.0.0)
      '@radix-ui/react-use-layout-effect': 1.1.0(react@19.0.0)
      '@radix-ui/react-use-rect': 1.1.0(react@19.0.0)
      '@radix-ui/react-use-size': 1.1.0(react@19.0.0)
      '@radix-ui/rect': 1.1.0
      react: 19.0.0
      react-dom: 18.3.1(react@19.0.0)

  '@radix-ui/react-portal@1.1.4(react-dom@18.3.1(react@19.0.0))(react@19.0.0)':
    dependencies:
      '@radix-ui/react-primitive': 2.0.2(react-dom@18.3.1(react@19.0.0))(react@19.0.0)
      '@radix-ui/react-use-layout-effect': 1.1.0(react@19.0.0)
      react: 19.0.0
      react-dom: 18.3.1(react@19.0.0)

  '@radix-ui/react-presence@1.1.2(react-dom@18.3.1(react@19.0.0))(react@19.0.0)':
    dependencies:
      '@radix-ui/react-compose-refs': 1.1.1(react@19.0.0)
      '@radix-ui/react-use-layout-effect': 1.1.0(react@19.0.0)
      react: 19.0.0
      react-dom: 18.3.1(react@19.0.0)

  '@radix-ui/react-primitive@2.0.2(react-dom@18.3.1(react@19.0.0))(react@19.0.0)':
    dependencies:
      '@radix-ui/react-slot': 1.1.2(react@19.0.0)
      react: 19.0.0
      react-dom: 18.3.1(react@19.0.0)

  '@radix-ui/react-slot@1.1.2(react@19.0.0)':
    dependencies:
      '@radix-ui/react-compose-refs': 1.1.1(react@19.0.0)
      react: 19.0.0

  '@radix-ui/react-tooltip@1.1.8(react-dom@18.3.1(react@19.0.0))(react@19.0.0)':
    dependencies:
      '@radix-ui/primitive': 1.1.1
      '@radix-ui/react-compose-refs': 1.1.1(react@19.0.0)
      '@radix-ui/react-context': 1.1.1(react@19.0.0)
      '@radix-ui/react-dismissable-layer': 1.1.5(react-dom@18.3.1(react@19.0.0))(react@19.0.0)
      '@radix-ui/react-id': 1.1.0(react@19.0.0)
      '@radix-ui/react-popper': 1.2.2(react-dom@18.3.1(react@19.0.0))(react@19.0.0)
      '@radix-ui/react-portal': 1.1.4(react-dom@18.3.1(react@19.0.0))(react@19.0.0)
      '@radix-ui/react-presence': 1.1.2(react-dom@18.3.1(react@19.0.0))(react@19.0.0)
      '@radix-ui/react-primitive': 2.0.2(react-dom@18.3.1(react@19.0.0))(react@19.0.0)
      '@radix-ui/react-slot': 1.1.2(react@19.0.0)
      '@radix-ui/react-use-controllable-state': 1.1.0(react@19.0.0)
      '@radix-ui/react-visually-hidden': 1.1.2(react-dom@18.3.1(react@19.0.0))(react@19.0.0)
      react: 19.0.0
      react-dom: 18.3.1(react@19.0.0)

  '@radix-ui/react-use-callback-ref@1.1.0(react@19.0.0)':
    dependencies:
      react: 19.0.0

  '@radix-ui/react-use-controllable-state@1.1.0(react@19.0.0)':
    dependencies:
      '@radix-ui/react-use-callback-ref': 1.1.0(react@19.0.0)
      react: 19.0.0

  '@radix-ui/react-use-escape-keydown@1.1.0(react@19.0.0)':
    dependencies:
      '@radix-ui/react-use-callback-ref': 1.1.0(react@19.0.0)
      react: 19.0.0

  '@radix-ui/react-use-layout-effect@1.1.0(react@19.0.0)':
    dependencies:
      react: 19.0.0

  '@radix-ui/react-use-rect@1.1.0(react@19.0.0)':
    dependencies:
      '@radix-ui/rect': 1.1.0
      react: 19.0.0

  '@radix-ui/react-use-size@1.1.0(react@19.0.0)':
    dependencies:
      '@radix-ui/react-use-layout-effect': 1.1.0(react@19.0.0)
      react: 19.0.0

  '@radix-ui/react-visually-hidden@1.1.2(react-dom@18.3.1(react@19.0.0))(react@19.0.0)':
    dependencies:
      '@radix-ui/react-primitive': 2.0.2(react-dom@18.3.1(react@19.0.0))(react@19.0.0)
      react: 19.0.0
      react-dom: 18.3.1(react@19.0.0)

  '@radix-ui/rect@1.1.0': {}

  '@stitches/react@1.2.8(react@19.0.0)':
    dependencies:
      react: 19.0.0

  '@use-gesture/core@10.3.1': {}

  '@use-gesture/react@10.3.1(react@19.0.0)':
    dependencies:
      '@use-gesture/core': 10.3.1
      react: 19.0.0

  '@welldone-software/why-did-you-render@6.2.3(react@19.0.0)':
    dependencies:
      lodash: 4.17.21
      react: 19.0.0

  assign-symbols@1.0.0: {}

  attr-accept@2.2.5: {}

  colord@2.9.3: {}

  dequal@2.0.3: {}

  extend-shallow@2.0.1:
    dependencies:
      is-extendable: 0.1.1

  extend-shallow@3.0.2:
    dependencies:
      assign-symbols: 1.0.0
      is-extendable: 1.0.1

  file-selector@0.5.0:
    dependencies:
      tslib: 2.8.1

  for-in@1.0.2: {}

  get-value@2.0.6: {}

  is-extendable@0.1.1: {}

  is-extendable@1.0.1:
    dependencies:
      is-plain-object: 2.0.4

  is-plain-object@2.0.4:
    dependencies:
      isobject: 3.0.1

  isobject@3.0.1: {}

  js-tokens@4.0.0: {}

  lodash@4.17.21: {}

  loose-envify@1.4.0:
    dependencies:
      js-tokens: 4.0.0

  merge-value@1.0.0:
    dependencies:
      get-value: 2.0.6
      is-extendable: 1.0.1
      mixin-deep: 1.3.2
      set-value: 2.0.1

  mixin-deep@1.3.2:
    dependencies:
      for-in: 1.0.2
      is-extendable: 1.0.1

  object-assign@4.1.1: {}

  prop-types@15.8.1:
    dependencies:
      loose-envify: 1.4.0
      object-assign: 4.1.1
      react-is: 16.13.1

  react-colorful@5.6.1(react-dom@18.3.1(react@19.0.0))(react@19.0.0):
    dependencies:
      react: 19.0.0
      react-dom: 18.3.1(react@19.0.0)

  react-dom@18.3.1(react@19.0.0):
    dependencies:
      loose-envify: 1.4.0
      react: 19.0.0
      scheduler: 0.23.2

  react-dropzone@12.1.0(react@19.0.0):
    dependencies:
      attr-accept: 2.2.5
      file-selector: 0.5.0
      prop-types: 15.8.1
      react: 19.0.0

  react-is@16.13.1: {}

  react@19.0.0: {}

  scheduler@0.23.2:
    dependencies:
      loose-envify: 1.4.0

  set-value@2.0.1:
    dependencies:
      extend-shallow: 2.0.1
      is-extendable: 0.1.1
      is-plain-object: 2.0.4
      split-string: 3.1.0

  split-string@3.1.0:
    dependencies:
      extend-shallow: 3.0.2

  tslib@2.8.1: {}

  v8n@1.5.1: {}

  zustand@3.7.2(react@19.0.0):
    optionalDependencies:
      react: 19.0.0
